// !$*UTF8*$!
{
	archiveVersion = 1;
	classes = {
	};
	objectVersion = 77;
	objects = {

/* Begin PBXBuildFile section */
		ED1ECCB02E2B6B140070088C /* ViewModel.swift in Sources */ = {isa = PBXBuildFile; fileRef = ED1ECCAF2E2B6B140070088C /* ViewModel.swift */; };
		ED1ECCB22E2B6B640070088C /* AreYouVegeteriansUITests.swift in Sources */ = {isa = PBXBuildFile; fileRef = ED1ECCB12E2B6B640070088C /* AreYouVegeteriansUITests.swift */; };
		ED71A8022E29269A00729E1B /* Assets.xcassets in Resources */ = {isa = PBXBuildFile; fileRef = ED71A7FF2E29269A00729E1B /* Assets.xcassets */; };
		ED71A8032E29269A00729E1B /* AreYouVegetariansApp.swift in Sources */ = {isa = PBXBuildFile; fileRef = ED71A7FE2E29269A00729E1B /* AreYouVegetariansApp.swift */; };
		ED71A8042E29269A00729E1B /* ContentView.swift in Sources */ = {isa = PBXBuildFile; fileRef = ED71A8002E29269A00729E1B /* ContentView.swift */; };
		EDCAC2AD2E2A70D400EF1468 /* AreYouVegetariansTests.swift in Sources */ = {isa = PBXBuildFile; fileRef = EDCAC2AB2E2A70D400EF1468 /* AreYouVegetariansTests.swift */; };
/* End PBXBuildFile section */

/* Begin PBXContainerItemProxy section */
		EDCAC2A62E2A70CD00EF1468 /* PBXContainerItemProxy */ = {
			isa = PBXContainerItemProxy;
			containerPortal = ED71A7E62E29266900729E1B /* Project object */;
			proxyType = 1;
			remoteGlobalIDString = ED71A7ED2E29266900729E1B;
			remoteInfo = AreYouVegetarians;
		};
/* End PBXContainerItemProxy section */

/* Begin PBXFileReference section */
		ED1ECCAF2E2B6B140070088C /* ViewModel.swift */ = {isa = PBXFileReference; lastKnownFileType = sourcecode.swift; path = ViewModel.swift; sourceTree = "<group>"; };
		ED1ECCB12E2B6B640070088C /* AreYouVegeteriansUITests.swift */ = {isa = PBXFileReference; lastKnownFileType = sourcecode.swift; path = AreYouVegeteriansUITests.swift; sourceTree = "<group>"; };
		ED71A7EE2E29266900729E1B /* AreYouVegetarians.app */ = {isa = PBXFileReference; explicitFileType = wrapper.application; includeInIndex = 0; path = AreYouVegetarians.app; sourceTree = BUILT_PRODUCTS_DIR; };
		ED71A7FD2E29269A00729E1B /* AreYouVegetarians.entitlements */ = {isa = PBXFileReference; lastKnownFileType = text.plist.entitlements; path = AreYouVegetarians.entitlements; sourceTree = "<group>"; };
		ED71A7FE2E29269A00729E1B /* AreYouVegetariansApp.swift */ = {isa = PBXFileReference; lastKnownFileType = sourcecode.swift; path = AreYouVegetariansApp.swift; sourceTree = "<group>"; };
		ED71A7FF2E29269A00729E1B /* Assets.xcassets */ = {isa = PBXFileReference; lastKnownFileType = folder.assetcatalog; path = Assets.xcassets; sourceTree = "<group>"; };
		ED71A8002E29269A00729E1B /* ContentView.swift */ = {isa = PBXFileReference; lastKnownFileType = sourcecode.swift; path = ContentView.swift; sourceTree = "<group>"; };
		EDCAC2A22E2A70CD00EF1468 /* AreYouVegetariansTests.xctest */ = {isa = PBXFileReference; explicitFileType = wrapper.cfbundle; includeInIndex = 0; path = AreYouVegetariansTests.xctest; sourceTree = BUILT_PRODUCTS_DIR; };
		EDCAC2AB2E2A70D400EF1468 /* AreYouVegetariansTests.swift */ = {isa = PBXFileReference; lastKnownFileType = sourcecode.swift; path = AreYouVegetariansTests.swift; sourceTree = "<group>"; };
/* End PBXFileReference section */

/* Begin PBXFrameworksBuildPhase section */
		ED71A7EB2E29266900729E1B /* Frameworks */ = {
			isa = PBXFrameworksBuildPhase;
			buildActionMask = 2147483647;
			files = (
			);
			runOnlyForDeploymentPostprocessing = 0;
		};
		EDCAC29F2E2A70CD00EF1468 /* Frameworks */ = {
			isa = PBXFrameworksBuildPhase;
			buildActionMask = 2147483647;
			files = (
			);
			runOnlyForDeploymentPostprocessing = 0;
		};
/* End PBXFrameworksBuildPhase section */

/* Begin PBXGroup section */
		ED71A7E52E29266900729E1B = {
			isa = PBXGroup;
			children = (
				ED71A8012E29269A00729E1B /* AreYouVegetarians */,
				EDCAC2AC2E2A70D400EF1468 /* AreYouVegetariansTests */,
				ED71A7EF2E29266900729E1B /* Products */,
			);
			sourceTree = "<group>";
		};
		ED71A7EF2E29266900729E1B /* Products */ = {
			isa = PBXGroup;
			children = (
				ED71A7EE2E29266900729E1B /* AreYouVegetarians.app */,
				EDCAC2A22E2A70CD00EF1468 /* AreYouVegetariansTests.xctest */,
			);
			name = Products;
			sourceTree = "<group>";
		};
		ED71A8012E29269A00729E1B /* AreYouVegetarians */ = {
			isa = PBXGroup;
			children = (
				ED71A7FD2E29269A00729E1B /* AreYouVegetarians.entitlements */,
				ED71A7FE2E29269A00729E1B /* AreYouVegetariansApp.swift */,
				ED1ECCAF2E2B6B140070088C /* ViewModel.swift */,
				ED71A7FF2E29269A00729E1B /* Assets.xcassets */,
				ED71A8002E29269A00729E1B /* ContentView.swift */,
			);
			path = AreYouVegetarians;
			sourceTree = "<group>";
		};
		EDCAC2AC2E2A70D400EF1468 /* AreYouVegetariansTests */ = {
			isa = PBXGroup;
			children = (
				EDCAC2AB2E2A70D400EF1468 /* AreYouVegetariansTests.swift */,
				ED1ECCB12E2B6B640070088C /* AreYouVegeteriansUITests.swift */,
			);
			path = AreYouVegetariansTests;
			sourceTree = "<group>";
		};
/* End PBXGroup section */

/* Begin PBXNativeTarget section */
		ED71A7ED2E29266900729E1B /* AreYouVegetarians */ = {
			isa = PBXNativeTarget;
			buildConfigurationList = ED71A7FA2E29266A00729E1B /* Build configuration list for PBXNativeTarget "AreYouVegetarians" */;
			buildPhases = (
				ED71A7EA2E29266900729E1B /* Sources */,
				ED71A7EB2E29266900729E1B /* Frameworks */,
				ED71A7EC2E29266900729E1B /* Resources */,
			);
			buildRules = (
			);
			dependencies = (
			);
			name = AreYouVegetarians;
			packageProductDependencies = (
			);
			productName = AreYouVegetarians;
			productReference = ED71A7EE2E29266900729E1B /* AreYouVegetarians.app */;
			productType = "com.apple.product-type.application";
		};
		EDCAC2A12E2A70CD00EF1468 /* AreYouVegetariansTests */ = {
			isa = PBXNativeTarget;
			buildConfigurationList = EDCAC2AA2E2A70CD00EF1468 /* Build configuration list for PBXNativeTarget "AreYouVegetariansTests" */;
			buildPhases = (
				EDCAC29E2E2A70CD00EF1468 /* Sources */,
				EDCAC29F2E2A70CD00EF1468 /* Frameworks */,
				EDCAC2A02E2A70CD00EF1468 /* Resources */,
			);
			buildRules = (
			);
			dependencies = (
				EDCAC2A72E2A70CD00EF1468 /* PBXTargetDependency */,
			);
			name = AreYouVegetariansTests;
			packageProductDependencies = (
			);
			productName = AreYouVegetariansTests;
			productReference = EDCAC2A22E2A70CD00EF1468 /* AreYouVegetariansTests.xctest */;
			productType = "com.apple.product-type.bundle.unit-test";
		};
/* End PBXNativeTarget section */

/* Begin PBXProject section */
		ED71A7E62E29266900729E1B /* Project object */ = {
			isa = PBXProject;
			attributes = {
				BuildIndependentTargetsInParallel = 1;
				LastSwiftUpdateCheck = 1630;
				LastUpgradeCheck = 1630;
				TargetAttributes = {
					ED71A7ED2E29266900729E1B = {
						CreatedOnToolsVersion = 16.3;
					};
					EDCAC2A12E2A70CD00EF1468 = {
						CreatedOnToolsVersion = 16.3;
						TestTargetID = ED71A7ED2E29266900729E1B;
					};
				};
			};
			buildConfigurationList = ED71A7E92E29266900729E1B /* Build configuration list for PBXProject "AreYouVegetarians" */;
			developmentRegion = en;
			hasScannedForEncodings = 0;
			knownRegions = (
				en,
				Base,
			);
			mainGroup = ED71A7E52E29266900729E1B;
			minimizedProjectReferenceProxies = 1;
			preferredProjectObjectVersion = 77;
			productRefGroup = ED71A7EF2E29266900729E1B /* Products */;
			projectDirPath = "";
			projectRoot = "";
			targets = (
				ED71A7ED2E29266900729E1B /* AreYouVegetarians */,
				EDCAC2A12E2A70CD00EF1468 /* AreYouVegetariansTests */,
			);
		};
/* End PBXProject section */

/* Begin PBXResourcesBuildPhase section */
		ED71A7EC2E29266900729E1B /* Resources */ = {
			isa = PBXResourcesBuildPhase;
			buildActionMask = 2147483647;
			files = (
				ED71A8022E29269A00729E1B /* Assets.xcassets in Resources */,
			);
			runOnlyForDeploymentPostprocessing = 0;
		};
		EDCAC2A02E2A70CD00EF1468 /* Resources */ = {
			isa = PBXResourcesBuildPhase;
			buildActionMask = 2147483647;
			files = (
			);
			runOnlyForDeploymentPostprocessing = 0;
		};
/* End PBXResourcesBuildPhase section */

/* Begin PBXSourcesBuildPhase section */
		ED71A7EA2E29266900729E1B /* Sources */ = {
			isa = PBXSourcesBuildPhase;
			buildActionMask = 2147483647;
			files = (
				ED71A8032E29269A00729E1B /* AreYouVegetariansApp.swift in Sources */,
				ED1ECCB02E2B6B140070088C /* ViewModel.swift in Sources */,
				ED71A8042E29269A00729E1B /* ContentView.swift in Sources */,
			);
			runOnlyForDeploymentPostprocessing = 0;
		};
		EDCAC29E2E2A70CD00EF1468 /* Sources */ = {
			isa = PBXSourcesBuildPhase;
			buildActionMask = 2147483647;
			files = (
				ED1ECCB22E2B6B640070088C /* AreYouVegeteriansUITests.swift in Sources */,
				EDCAC2AD2E2A70D400EF1468 /* AreYouVegetariansTests.swift in Sources */,
			);
			runOnlyForDeploymentPostprocessing = 0;
		};
/* End PBXSourcesBuildPhase section */

/* Begin PBXTargetDependency section */
		EDCAC2A72E2A70CD00EF1468 /* PBXTargetDependency */ = {
			isa = PBXTargetDependency;
			target = ED71A7ED2E29266900729E1B /* AreYouVegetarians */;
			targetProxy = EDCAC2A62E2A70CD00EF1468 /* PBXContainerItemProxy */;
		};
/* End PBXTargetDependency section */

/* Begin XCBuildConfiguration section */
		ED71A7F82E29266A00729E1B /* Debug */ = {
			isa = XCBuildConfiguration;
			buildSettings = {
				ALWAYS_SEARCH_USER_PATHS = NO;
				ASSETCATALOG_COMPILER_GENERATE_SWIFT_ASSET_SYMBOL_EXTENSIONS = YES;
				CLANG_ANALYZER_NONNULL = YES;
				CLANG_ANALYZER_NUMBER_OBJECT_CONVERSION = YES_AGGRESSIVE;
				CLANG_CXX_LANGUAGE_STANDARD = "gnu++20";
				CLANG_ENABLE_MODULES = YES;
				CLANG_ENABLE_OBJC_ARC = YES;
				CLANG_ENABLE_OBJC_WEAK = YES;
				CLANG_WARN_BLOCK_CAPTURE_AUTORELEASING = YES;
				CLANG_WARN_BOOL_CONVERSION = YES;
				CLANG_WARN_COMMA = YES;
				CLANG_WARN_CONSTANT_CONVERSION = YES;
				CLANG_WARN_DEPRECATED_OBJC_IMPLEMENTATIONS = YES;
				CLANG_WARN_DIRECT_OBJC_ISA_USAGE = YES_ERROR;
				CLANG_WARN_DOCUMENTATION_COMMENTS = YES;
				CLANG_WARN_EMPTY_BODY = YES;
				CLANG_WARN_ENUM_CONVERSION = YES;
				CLANG_WARN_INFINITE_RECURSION = YES;
				CLANG_WARN_INT_CONVERSION = YES;
				CLANG_WARN_NON_LITERAL_NULL_CONVERSION = YES;
				CLANG_WARN_OBJC_IMPLICIT_RETAIN_SELF = YES;
				CLANG_WARN_OBJC_LITERAL_CONVERSION = YES;
				CLANG_WARN_OBJC_ROOT_CLASS = YES_ERROR;
				CLANG_WARN_QUOTED_INCLUDE_IN_FRAMEWORK_HEADER = YES;
				CLANG_WARN_RANGE_LOOP_ANALYSIS = YES;
				CLANG_WARN_STRICT_PROTOTYPES = YES;
				CLANG_WARN_SUSPICIOUS_MOVE = YES;
				CLANG_WARN_UNGUARDED_AVAILABILITY = YES_AGGRESSIVE;
				CLANG_WARN_UNREACHABLE_CODE = YES;
				CLANG_WARN__DUPLICATE_METHOD_MATCH = YES;
				COPY_PHASE_STRIP = NO;
				DEBUG_INFORMATION_FORMAT = dwarf;
				DEVELOPMENT_TEAM = U4BQZ3AXAA;
				ENABLE_STRICT_OBJC_MSGSEND = YES;
				ENABLE_TESTABILITY = YES;
				ENABLE_USER_SCRIPT_SANDBOXING = YES;
				GCC_C_LANGUAGE_STANDARD = gnu17;
				GCC_DYNAMIC_NO_PIC = NO;
				GCC_NO_COMMON_BLOCKS = YES;
				GCC_OPTIMIZATION_LEVEL = 0;
				GCC_PREPROCESSOR_DEFINITIONS = (
					"DEBUG=1",
					"$(inherited)",
				);
				GCC_WARN_64_TO_32_BIT_CONVERSION = YES;
				GCC_WARN_ABOUT_RETURN_TYPE = YES_ERROR;
				GCC_WARN_UNDECLARED_SELECTOR = YES;
				GCC_WARN_UNINITIALIZED_AUTOS = YES_AGGRESSIVE;
				GCC_WARN_UNUSED_FUNCTION = YES;
				GCC_WARN_UNUSED_VARIABLE = YES;
				LOCALIZATION_PREFERS_STRING_CATALOGS = YES;
				MACOSX_DEPLOYMENT_TARGET = 15.4;
				MTL_ENABLE_DEBUG_INFO = INCLUDE_SOURCE;
				MTL_FAST_MATH = YES;
				ONLY_ACTIVE_ARCH = YES;
				SDKROOT = macosx;
				SWIFT_ACTIVE_COMPILATION_CONDITIONS = "DEBUG $(inherited)";
				SWIFT_OPTIMIZATION_LEVEL = "-Onone";
			};
			name = Debug;
		};
		ED71A7F92E29266A00729E1B /* Release */ = {
			isa = XCBuildConfiguration;
			buildSettings = {
				ALWAYS_SEARCH_USER_PATHS = NO;
				ASSETCATALOG_COMPILER_GENERATE_SWIFT_ASSET_SYMBOL_EXTENSIONS = YES;
				CLANG_ANALYZER_NONNULL = YES;
				CLANG_ANALYZER_NUMBER_OBJECT_CONVERSION = YES_AGGRESSIVE;
				CLANG_CXX_LANGUAGE_STANDARD = "gnu++20";
				CLANG_ENABLE_MODULES = YES;
				CLANG_ENABLE_OBJC_ARC = YES;
				CLANG_ENABLE_OBJC_WEAK = YES;
				CLANG_WARN_BLOCK_CAPTURE_AUTORELEASING = YES;
				CLANG_WARN_BOOL_CONVERSION = YES;
				CLANG_WARN_COMMA = YES;
				CLANG_WARN_CONSTANT_CONVERSION = YES;
				CLANG_WARN_DEPRECATED_OBJC_IMPLEMENTATIONS = YES;
				CLANG_WARN_DIRECT_OBJC_ISA_USAGE = YES_ERROR;
				CLANG_WARN_DOCUMENTATION_COMMENTS = YES;
				CLANG_WARN_EMPTY_BODY = YES;
				CLANG_WARN_ENUM_CONVERSION = YES;
				CLANG_WARN_INFINITE_RECURSION = YES;
				CLANG_WARN_INT_CONVERSION = YES;
				CLANG_WARN_NON_LITERAL_NULL_CONVERSION = YES;
				CLANG_WARN_OBJC_IMPLICIT_RETAIN_SELF = YES;
				CLANG_WARN_OBJC_LITERAL_CONVERSION = YES;
				CLANG_WARN_OBJC_ROOT_CLASS = YES_ERROR;
				CLANG_WARN_QUOTED_INCLUDE_IN_FRAMEWORK_HEADER = YES;
				CLANG_WARN_RANGE_LOOP_ANALYSIS = YES;
				CLANG_WARN_STRICT_PROTOTYPES = YES;
				CLANG_WARN_SUSPICIOUS_MOVE = YES;
				CLANG_WARN_UNGUARDED_AVAILABILITY = YES_AGGRESSIVE;
				CLANG_WARN_UNREACHABLE_CODE = YES;
				CLANG_WARN__DUPLICATE_METHOD_MATCH = YES;
				COPY_PHASE_STRIP = NO;
				DEBUG_INFORMATION_FORMAT = "dwarf-with-dsym";
				DEVELOPMENT_TEAM = U4BQZ3AXAA;
				ENABLE_NS_ASSERTIONS = NO;
				ENABLE_STRICT_OBJC_MSGSEND = YES;
				ENABLE_USER_SCRIPT_SANDBOXING = YES;
				GCC_C_LANGUAGE_STANDARD = gnu17;
				GCC_NO_COMMON_BLOCKS = YES;
				GCC_WARN_64_TO_32_BIT_CONVERSION = YES;
				GCC_WARN_ABOUT_RETURN_TYPE = YES_ERROR;
				GCC_WARN_UNDECLARED_SELECTOR = YES;
				GCC_WARN_UNINITIALIZED_AUTOS = YES_AGGRESSIVE;
				GCC_WARN_UNUSED_FUNCTION = YES;
				GCC_WARN_UNUSED_VARIABLE = YES;
				LOCALIZATION_PREFERS_STRING_CATALOGS = YES;
				MACOSX_DEPLOYMENT_TARGET = 15.4;
				MTL_ENABLE_DEBUG_INFO = NO;
				MTL_FAST_MATH = YES;
				SDKROOT = macosx;
				SWIFT_COMPILATION_MODE = wholemodule;
			};
			name = Release;
		};
		ED71A7FB2E29266A00729E1B /* Debug */ = {
			isa = XCBuildConfiguration;
			buildSettings = {
				ASSETCATALOG_COMPILER_APPICON_NAME = AppIcon;
				ASSETCATALOG_COMPILER_GLOBAL_ACCENT_COLOR_NAME = AccentColor;
				CODE_SIGN_ENTITLEMENTS = AreYouVegetarians/AreYouVegetarians.entitlements;
				CODE_SIGN_STYLE = Automatic;
				COMBINE_HIDPI_IMAGES = YES;
				CURRENT_PROJECT_VERSION = 1;
				DEVELOPMENT_TEAM = U4BQZ3AXAA;
				ENABLE_HARDENED_RUNTIME = YES;
				ENABLE_PREVIEWS = YES;
				GENERATE_INFOPLIST_FILE = YES;
				INFOPLIST_KEY_LSApplicationCategoryType = "public.app-category.lifestyle";
				INFOPLIST_KEY_NSHumanReadableCopyright = "";
				INFOPLIST_KEY_UISupportedInterfaceOrientations_iPad = UIInterfaceOrientationPortrait;
				IPHONEOS_DEPLOYMENT_TARGET = 18.3.1;
				LD_RUNPATH_SEARCH_PATHS = (
					"$(inherited)",
					"@executable_path/../Frameworks",
				);
				MARKETING_VERSION = 1.0;
				PRODUCT_BUNDLE_IDENTIFIER = com.soom.AreYouVegetarians;
				PRODUCT_NAME = "$(TARGET_NAME)";
				REGISTER_APP_GROUPS = YES;
				SUPPORTED_PLATFORMS = "iphoneos iphonesimulator";
				SUPPORTS_MACCATALYST = NO;
				SWIFT_EMIT_LOC_STRINGS = YES;
				SWIFT_VERSION = 5.0;
				TARGETED_DEVICE_FAMILY = 1;
			};
			name = Debug;
		};
		ED71A7FC2E29266A00729E1B /* Release */ = {
			isa = XCBuildConfiguration;
			buildSettings = {
				ASSETCATALOG_COMPILER_APPICON_NAME = AppIcon;
				ASSETCATALOG_COMPILER_GLOBAL_ACCENT_COLOR_NAME = AccentColor;
				CODE_SIGN_ENTITLEMENTS = AreYouVegetarians/AreYouVegetarians.entitlements;
				CODE_SIGN_STYLE = Automatic;
				COMBINE_HIDPI_IMAGES = YES;
				CURRENT_PROJECT_VERSION = 1;
				DEVELOPMENT_TEAM = U4BQZ3AXAA;
				ENABLE_HARDENED_RUNTIME = YES;
				ENABLE_PREVIEWS = YES;
				GENERATE_INFOPLIST_FILE = YES;
				INFOPLIST_KEY_LSApplicationCategoryType = "public.app-category.lifestyle";
				INFOPLIST_KEY_NSHumanReadableCopyright = "";
				INFOPLIST_KEY_UISupportedInterfaceOrientations_iPad = UIInterfaceOrientationPortrait;
				IPHONEOS_DEPLOYMENT_TARGET = 18.3.1;
				LD_RUNPATH_SEARCH_PATHS = (
					"$(inherited)",
					"@executable_path/../Frameworks",
				);
				MARKETING_VERSION = 1.0;
				PRODUCT_BUNDLE_IDENTIFIER = com.soom.AreYouVegetarians;
				PRODUCT_NAME = "$(TARGET_NAME)";
				REGISTER_APP_GROUPS = YES;
				SUPPORTED_PLATFORMS = "iphoneos iphonesimulator";
				SUPPORTS_MACCATALYST = NO;
				SWIFT_EMIT_LOC_STRINGS = YES;
				SWIFT_VERSION = 5.0;
				TARGETED_DEVICE_FAMILY = 1;
			};
			name = Release;
		};
		EDCAC2A82E2A70CD00EF1468 /* Debug */ = {
			isa = XCBuildConfiguration;
			buildSettings = {
				BUNDLE_LOADER = "$(TEST_HOST)";
				CODE_SIGN_STYLE = Automatic;
				CURRENT_PROJECT_VERSION = 1;
				DEVELOPMENT_TEAM = U4BQZ3AXAA;
				GENERATE_INFOPLIST_FILE = YES;
				IPHONEOS_DEPLOYMENT_TARGET = 18.3.1;
				MARKETING_VERSION = 1.0;
				PRODUCT_BUNDLE_IDENTIFIER = com.soom.AreYouVegetariansTests;
				PRODUCT_NAME = "$(TARGET_NAME)";
				SDKROOT = iphoneos;
				SUPPORTED_PLATFORMS = "iphoneos iphonesimulator";
				SUPPORTS_MACCATALYST = NO;
				SUPPORTS_MAC_DESIGNED_FOR_IPHONE_IPAD = NO;
				SUPPORTS_XR_DESIGNED_FOR_IPHONE_IPAD = NO;
				SWIFT_EMIT_LOC_STRINGS = NO;
				SWIFT_VERSION = 5.0;
				TARGETED_DEVICE_FAMILY = 1;
				TEST_HOST = "$(BUILT_PRODUCTS_DIR)/AreYouVegetarians.app/$(BUNDLE_EXECUTABLE_FOLDER_PATH)/AreYouVegetarians";
			};
			name = Debug;
		};
		EDCAC2A92E2A70CD00EF1468 /* Release */ = {
			isa = XCBuildConfiguration;
			buildSettings = {
				BUNDLE_LOADER = "$(TEST_HOST)";
				CODE_SIGN_STYLE = Automatic;
				CURRENT_PROJECT_VERSION = 1;
				DEVELOPMENT_TEAM = U4BQZ3AXAA;
				GENERATE_INFOPLIST_FILE = YES;
				IPHONEOS_DEPLOYMENT_TARGET = 18.3.1;
				MARKETING_VERSION = 1.0;
				PRODUCT_BUNDLE_IDENTIFIER = com.soom.AreYouVegetariansTests;
				PRODUCT_NAME = "$(TARGET_NAME)";
				SDKROOT = iphoneos;
				SUPPORTED_PLATFORMS = "iphoneos iphonesimulator";
				SUPPORTS_MACCATALYST = NO;
				SUPPORTS_MAC_DESIGNED_FOR_IPHONE_IPAD = NO;
				SUPPORTS_XR_DESIGNED_FOR_IPHONE_IPAD = NO;
				SWIFT_EMIT_LOC_STRINGS = NO;
				SWIFT_VERSION = 5.0;
				TARGETED_DEVICE_FAMILY = 1;
				TEST_HOST = "$(BUILT_PRODUCTS_DIR)/AreYouVegetarians.app/$(BUNDLE_EXECUTABLE_FOLDER_PATH)/AreYouVegetarians";
				VALIDATE_PRODUCT = YES;
			};
			name = Release;
		};
/* End XCBuildConfiguration section */

/* Begin XCConfigurationList section */
		ED71A7E92E29266900729E1B /* Build configuration list for PBXProject "AreYouVegetarians" */ = {
			isa = XCConfigurationList;
			buildConfigurations = (
				ED71A7F82E29266A00729E1B /* Debug */,
				ED71A7F92E29266A00729E1B /* Release */,
			);
			defaultConfigurationIsVisible = 0;
			defaultConfigurationName = Release;
		};
		ED71A7FA2E29266A00729E1B /* Build configuration list for PBXNativeTarget "AreYouVegetarians" */ = {
			isa = XCConfigurationList;
			buildConfigurations = (
				ED71A7FB2E29266A00729E1B /* Debug */,
				ED71A7FC2E29266A00729E1B /* Release */,
			);
			defaultConfigurationIsVisible = 0;
			defaultConfigurationName = Release;
		};
		EDCAC2AA2E2A70CD00EF1468 /* Build configuration list for PBXNativeTarget "AreYouVegetariansTests" */ = {
			isa = XCConfigurationList;
			buildConfigurations = (
				EDCAC2A82E2A70CD00EF1468 /* Debug */,
				EDCAC2A92E2A70CD00EF1468 /* Release */,
			);
			defaultConfigurationIsVisible = 0;
			defaultConfigurationName = Release;
		};
/* End XCConfigurationList section */
	};
	rootObject = ED71A7E62E29266900729E1B /* Project object */;
}
